
Microsoft Visual Studio Solution File, Format Version 12.00
# Visual Studio Version 17
VisualStudioVersion = 17.8.34330.188
MinimumVisualStudioVersion = 10.0.40219.1
Project("{FAE04EC0-301F-11D3-BF4B-00C04F79EFBC}") = "PicpayChallenge", "PicpayChallenge.csproj", "{80686C37-6CE1-4CC8-AE9F-7FCF4492DB48}"
EndProject
Global
	GlobalSection(SolutionConfigurationPlatforms) = preSolution
		Debug|Any CPU = Debug|Any CPU
		Release|Any CPU = Release|Any CPU
	EndGlobalSection
	GlobalSection(ProjectConfigurationPlatforms) = postSolution
		{80686C37-6CE1-4CC8-AE9F-7FCF4492DB48}.Debug|Any CPU.ActiveCfg = Debug|Any CPU
		{80686C37-6CE1-4CC8-AE9F-7FCF4492DB48}.Debug|Any CPU.Build.0 = Debug|Any CPU
		{80686C37-6CE1-4CC8-AE9F-7FCF4492DB48}.Release|Any CPU.ActiveCfg = Release|Any CPU
		{80686C37-6CE1-4CC8-AE9F-7FCF4492DB48}.Release|Any CPU.Build.0 = Release|Any CPU
	EndGlobalSection
	GlobalSection(SolutionProperties) = preSolution
		HideSolutionNode = FALSE
	EndGlobalSection
	GlobalSection(ExtensibilityGlobals) = postSolution
		SolutionGuid = {CA69FE9F-6271-4AD0-AC2C-6AC817F6EDAF}
	EndGlobalSection
EndGlobal
